# source poetry github
# This file is automatically @generated by Poetry 1.9.0.dev0 and should not be changed by hand.

[[package]]
name = "build"
version = "1.1.1"
description = "A simple, correct Python build frontend"
optional = false
python-versions = ">= 3.7"
files = [
    {file = "build-1.1.1-py3-none-any.whl", hash = "sha256:8ed0851ee76e6e38adce47e4bee3b51c771d86c64cf578d0c2245567ee200e73"},
    {file = "build-1.1.1.tar.gz", hash = "sha256:8eea65bb45b1aac2e734ba2cc8dad3a6d97d97901a395bd0ed3e7b46953d2a31"},
]
